// !$*UTF8*$!
{
	archiveVersion = 1;
	classes = {
	};
	objectVersion = 48;
	objects = {

/* Begin PBXBuildFile section */
		27249D8520088440002C7812 /* AppDelegate.swift in Sources */ = {isa = PBXBuildFile; fileRef = 27249D8420088440002C7812 /* AppDelegate.swift */; };
		27249D8720088440002C7812 /* ViewController.swift in Sources */ = {isa = PBXBuildFile; fileRef = 27249D8620088440002C7812 /* ViewController.swift */; };
		27249D8A20088440002C7812 /* Main.storyboard in Resources */ = {isa = PBXBuildFile; fileRef = 27249D8820088440002C7812 /* Main.storyboard */; };
		27249D8D20088440002C7812 /* PhotoDownloader.xcdatamodeld in Sources */ = {isa = PBXBuildFile; fileRef = 27249D8B20088440002C7812 /* PhotoDownloader.xcdatamodeld */; };
		27249D8F20088440002C7812 /* Assets.xcassets in Resources */ = {isa = PBXBuildFile; fileRef = 27249D8E20088440002C7812 /* Assets.xcassets */; };
		27249D9220088440002C7812 /* LaunchScreen.storyboard in Resources */ = {isa = PBXBuildFile; fileRef = 27249D9020088440002C7812 /* LaunchScreen.storyboard */; };
		27249D9A20088472002C7812 /* Downloader.swift in Sources */ = {isa = PBXBuildFile; fileRef = 27249D9920088472002C7812 /* Downloader.swift */; };
		27249D9C20088502002C7812 /* CoreDataTableViewController.swift in Sources */ = {isa = PBXBuildFile; fileRef = 27249D9B20088502002C7812 /* CoreDataTableViewController.swift */; };
		27249D9E20088509002C7812 /* FetchedResultsProvider.swift in Sources */ = {isa = PBXBuildFile; fileRef = 27249D9D20088509002C7812 /* FetchedResultsProvider.swift */; };
		27249DA02008850F002C7812 /* TableViewController.swift in Sources */ = {isa = PBXBuildFile; fileRef = 27249D9F2008850F002C7812 /* TableViewController.swift */; };
		27249DA320088810002C7812 /* DownloaderTableViewController.swift in Sources */ = {isa = PBXBuildFile; fileRef = 27249DA220088810002C7812 /* DownloaderTableViewController.swift */; };
/* End PBXBuildFile section */

/* Begin PBXFileReference section */
		27249D8120088440002C7812 /* PhotoDownloader.app */ = {isa = PBXFileReference; explicitFileType = wrapper.application; includeInIndex = 0; path = PhotoDownloader.app; sourceTree = BUILT_PRODUCTS_DIR; };
		27249D8420088440002C7812 /* AppDelegate.swift */ = {isa = PBXFileReference; lastKnownFileType = sourcecode.swift; path = AppDelegate.swift; sourceTree = "<group>"; };
		27249D8620088440002C7812 /* ViewController.swift */ = {isa = PBXFileReference; lastKnownFileType = sourcecode.swift; path = ViewController.swift; sourceTree = "<group>"; };
		27249D8920088440002C7812 /* Base */ = {isa = PBXFileReference; lastKnownFileType = file.storyboard; name = Base; path = Base.lproj/Main.storyboard; sourceTree = "<group>"; };
		27249D8C20088440002C7812 /* PhotoDownloader.xcdatamodel */ = {isa = PBXFileReference; lastKnownFileType = wrapper.xcdatamodel; path = PhotoDownloader.xcdatamodel; sourceTree = "<group>"; };
		27249D8E20088440002C7812 /* Assets.xcassets */ = {isa = PBXFileReference; lastKnownFileType = folder.assetcatalog; path = Assets.xcassets; sourceTree = "<group>"; };
		27249D9120088440002C7812 /* Base */ = {isa = PBXFileReference; lastKnownFileType = file.storyboard; name = Base; path = Base.lproj/LaunchScreen.storyboard; sourceTree = "<group>"; };
		27249D9320088440002C7812 /* Info.plist */ = {isa = PBXFileReference; lastKnownFileType = text.plist.xml; path = Info.plist; sourceTree = "<group>"; };
		27249D9920088472002C7812 /* Downloader.swift */ = {isa = PBXFileReference; fileEncoding = 4; lastKnownFileType = sourcecode.swift; path = Downloader.swift; sourceTree = "<group>"; };
		27249D9B20088502002C7812 /* CoreDataTableViewController.swift */ = {isa = PBXFileReference; fileEncoding = 4; lastKnownFileType = sourcecode.swift; path = CoreDataTableViewController.swift; sourceTree = "<group>"; };
		27249D9D20088509002C7812 /* FetchedResultsProvider.swift */ = {isa = PBXFileReference; fileEncoding = 4; lastKnownFileType = sourcecode.swift; path = FetchedResultsProvider.swift; sourceTree = "<group>"; };
		27249D9F2008850F002C7812 /* TableViewController.swift */ = {isa = PBXFileReference; fileEncoding = 4; lastKnownFileType = sourcecode.swift; path = TableViewController.swift; sourceTree = "<group>"; };
		27249DA220088810002C7812 /* DownloaderTableViewController.swift */ = {isa = PBXFileReference; lastKnownFileType = sourcecode.swift; path = DownloaderTableViewController.swift; sourceTree = "<group>"; };
/* End PBXFileReference section */

/* Begin PBXFrameworksBuildPhase section */
		27249D7E20088440002C7812 /* Frameworks */ = {
			isa = PBXFrameworksBuildPhase;
			buildActionMask = 2147483647;
			files = (
			);
			runOnlyForDeploymentPostprocessing = 0;
		};
/* End PBXFrameworksBuildPhase section */

/* Begin PBXGroup section */
		27249D7820088440002C7812 = {
			isa = PBXGroup;
			children = (
				27249D8320088440002C7812 /* PhotoDownloader */,
				27249D8220088440002C7812 /* Products */,
			);
			sourceTree = "<group>";
		};
		27249D8220088440002C7812 /* Products */ = {
			isa = PBXGroup;
			children = (
				27249D8120088440002C7812 /* PhotoDownloader.app */,
			);
			name = Products;
			sourceTree = "<group>";
		};
		27249D8320088440002C7812 /* PhotoDownloader */ = {
			isa = PBXGroup;
			children = (
				27249D8420088440002C7812 /* AppDelegate.swift */,
				27249D8620088440002C7812 /* ViewController.swift */,
				27249D9920088472002C7812 /* Downloader.swift */,
				27249DA220088810002C7812 /* DownloaderTableViewController.swift */,
				27249DA12008851B002C7812 /* CoreDataTableView */,
				27249D8820088440002C7812 /* Main.storyboard */,
				27249D8E20088440002C7812 /* Assets.xcassets */,
				27249D9020088440002C7812 /* LaunchScreen.storyboard */,
				27249D9320088440002C7812 /* Info.plist */,
				27249D8B20088440002C7812 /* PhotoDownloader.xcdatamodeld */,
			);
			path = PhotoDownloader;
			sourceTree = "<group>";
		};
		27249DA12008851B002C7812 /* CoreDataTableView */ = {
			isa = PBXGroup;
			children = (
				27249D9B20088502002C7812 /* CoreDataTableViewController.swift */,
				27249D9D20088509002C7812 /* FetchedResultsProvider.swift */,
				27249D9F2008850F002C7812 /* TableViewController.swift */,
			);
			path = CoreDataTableView;
			sourceTree = "<group>";
		};
/* End PBXGroup section */

/* Begin PBXNativeTarget section */
		27249D8020088440002C7812 /* PhotoDownloader */ = {
			isa = PBXNativeTarget;
			buildConfigurationList = 27249D9620088440002C7812 /* Build configuration list for PBXNativeTarget "PhotoDownloader" */;
			buildPhases = (
				27249D7D20088440002C7812 /* Sources */,
				27249D7E20088440002C7812 /* Frameworks */,
				27249D7F20088440002C7812 /* Resources */,
			);
			buildRules = (
			);
			dependencies = (
			);
			name = PhotoDownloader;
			productName = PhotoDownloader;
			productReference = 27249D8120088440002C7812 /* PhotoDownloader.app */;
			productType = "com.apple.product-type.application";
		};
/* End PBXNativeTarget section */

/* Begin PBXProject section */
		27249D7920088440002C7812 /* Project object */ = {
			isa = PBXProject;
			attributes = {
				LastSwiftUpdateCheck = 0920;
				LastUpgradeCheck = 0920;
				ORGANIZATIONNAME = "Jonny Kuang";
				TargetAttributes = {
					27249D8020088440002C7812 = {
						CreatedOnToolsVersion = 9.2;
						ProvisioningStyle = Automatic;
					};
				};
			};
			buildConfigurationList = 27249D7C20088440002C7812 /* Build configuration list for PBXProject "PhotoDownloader" */;
			compatibilityVersion = "Xcode 8.0";
			developmentRegion = en;
			hasScannedForEncodings = 0;
			knownRegions = (
				en,
				Base,
			);
			mainGroup = 27249D7820088440002C7812;
			productRefGroup = 27249D8220088440002C7812 /* Products */;
			projectDirPath = "";
			projectRoot = "";
			targets = (
				27249D8020088440002C7812 /* PhotoDownloader */,
			);
		};
/* End PBXProject section */

/* Begin PBXResourcesBuildPhase section */
		27249D7F20088440002C7812 /* Resources */ = {
			isa = PBXResourcesBuildPhase;
			buildActionMask = 2147483647;
			files = (
				27249D9220088440002C7812 /* LaunchScreen.storyboard in Resources */,
				27249D8F20088440002C7812 /* Assets.xcassets in Resources */,
				27249D8A20088440002C7812 /* Main.storyboard in Resources */,
			);
			runOnlyForDeploymentPostprocessing = 0;
		};
/* End PBXResourcesBuildPhase section */

/* Begin PBXSourcesBuildPhase section */
		27249D7D20088440002C7812 /* Sources */ = {
			isa = PBXSourcesBuildPhase;
			buildActionMask = 2147483647;
			files = (
				27249D8D20088440002C7812 /* PhotoDownloader.xcdatamodeld in Sources */,
				27249DA02008850F002C7812 /* TableViewController.swift in Sources */,
				27249D8720088440002C7812 /* ViewController.swift in Sources */,
				27249D9A20088472002C7812 /* Downloader.swift in Sources */,
				27249DA320088810002C7812 /* DownloaderTableViewController.swift in Sources */,
				27249D9E20088509002C7812 /* FetchedResultsProvider.swift in Sources */,
				27249D9C20088502002C7812 /* CoreDataTableViewController.swift in Sources */,
				27249D8520088440002C7812 /* AppDelegate.swift in Sources */,
			);
			runOnlyForDeploymentPostprocessing = 0;
		};
/* End PBXSourcesBuildPhase section */

/* Begin PBXVariantGroup section */
		27249D8820088440002C7812 /* Main.storyboard */ = {
			isa = PBXVariantGroup;
			children = (
				27249D8920088440002C7812 /* Base */,
			);
			name = Main.storyboard;
			sourceTree = "<group>";
		};
		27249D9020088440002C7812 /* LaunchScreen.storyboard */ = {
			isa = PBXVariantGroup;
			children = (
				27249D9120088440002C7812 /* Base */,
			);
			name = LaunchScreen.storyboard;
			sourceTree = "<group>";
		};
/* End PBXVariantGroup section */

/* Begin XCBuildConfiguration section */
		27249D9420088440002C7812 /* Debug */ = {
			isa = XCBuildConfiguration;
			buildSettings = {
				ALWAYS_SEARCH_USER_PATHS = NO;
				CLANG_ANALYZER_NONNULL = YES;
				CLANG_ANALYZER_NUMBER_OBJECT_CONVERSION = YES_AGGRESSIVE;
				CLANG_CXX_LANGUAGE_STANDARD = "gnu++14";
				CLANG_CXX_LIBRARY = "libc++";
				CLANG_ENABLE_MODULES = YES;
				CLANG_ENABLE_OBJC_ARC = YES;
				CLANG_WARN_BLOCK_CAPTURE_AUTORELEASING = YES;
				CLANG_WARN_BOOL_CONVERSION = YES;
				CLANG_WARN_COMMA = YES;
				CLANG_WARN_CONSTANT_CONVERSION = YES;
				CLANG_WARN_DIRECT_OBJC_ISA_USAGE = YES_ERROR;
				CLANG_WARN_DOCUMENTATION_COMMENTS = YES;
				CLANG_WARN_EMPTY_BODY = YES;
				CLANG_WARN_ENUM_CONVERSION = YES;
				CLANG_WARN_INFINITE_RECURSION = YES;
				CLANG_WARN_INT_CONVERSION = YES;
				CLANG_WARN_NON_LITERAL_NULL_CONVERSION = YES;
				CLANG_WARN_OBJC_LITERAL_CONVERSION = YES;
				CLANG_WARN_OBJC_ROOT_CLASS = YES_ERROR;
				CLANG_WARN_RANGE_LOOP_ANALYSIS = YES;
				CLANG_WARN_STRICT_PROTOTYPES = YES;
				CLANG_WARN_SUSPICIOUS_MOVE = YES;
				CLANG_WARN_UNGUARDED_AVAILABILITY = YES_AGGRESSIVE;
				CLANG_WARN_UNREACHABLE_CODE = YES;
				CLANG_WARN__DUPLICATE_METHOD_MATCH = YES;
				CODE_SIGN_IDENTITY = "iPhone Developer";
				COPY_PHASE_STRIP = NO;
				DEBUG_INFORMATION_FORMAT = dwarf;
				ENABLE_STRICT_OBJC_MSGSEND = YES;
				ENABLE_TESTABILITY = YES;
				GCC_C_LANGUAGE_STANDARD = gnu11;
				GCC_DYNAMIC_NO_PIC = NO;
				GCC_NO_COMMON_BLOCKS = YES;
				GCC_OPTIMIZATION_LEVEL = 0;
				GCC_PREPROCESSOR_DEFINITIONS = (
					"DEBUG=1",
					"$(inherited)",
				);
				GCC_WARN_64_TO_32_BIT_CONVERSION = YES;
				GCC_WARN_ABOUT_RETURN_TYPE = YES_ERROR;
				GCC_WARN_UNDECLARED_SELECTOR = YES;
				GCC_WARN_UNINITIALIZED_AUTOS = YES_AGGRESSIVE;
				GCC_WARN_UNUSED_FUNCTION = YES;
				GCC_WARN_UNUSED_VARIABLE = YES;
				IPHONEOS_DEPLOYMENT_TARGET = 11.2;
				MTL_ENABLE_DEBUG_INFO = YES;
				ONLY_ACTIVE_ARCH = YES;
				SDKROOT = iphoneos;
				SWIFT_ACTIVE_COMPILATION_CONDITIONS = DEBUG;
				SWIFT_OPTIMIZATION_LEVEL = "-Onone";
			};
			name = Debug;
		};
		27249D9520088440002C7812 /* Release */ = {
			isa = XCBuildConfiguration;
			buildSettings = {
				ALWAYS_SEARCH_USER_PATHS = NO;
				CLANG_ANALYZER_NONNULL = YES;
				CLANG_ANALYZER_NUMBER_OBJECT_CONVERSION = YES_AGGRESSIVE;
				CLANG_CXX_LANGUAGE_STANDARD = "gnu++14";
				CLANG_CXX_LIBRARY = "libc++";
				CLANG_ENABLE_MODULES = YES;
				CLANG_ENABLE_OBJC_ARC = YES;
				CLANG_WARN_BLOCK_CAPTURE_AUTORELEASING = YES;
				CLANG_WARN_BOOL_CONVERSION = YES;
				CLANG_WARN_COMMA = YES;
				CLANG_WARN_CONSTANT_CONVERSION = YES;
				CLANG_WARN_DIRECT_OBJC_ISA_USAGE = YES_ERROR;
				CLANG_WARN_DOCUMENTATION_COMMENTS = YES;
				CLANG_WARN_EMPTY_BODY = YES;
				CLANG_WARN_ENUM_CONVERSION = YES;
				CLANG_WARN_INFINITE_RECURSION = YES;
				CLANG_WARN_INT_CONVERSION = YES;
				CLANG_WARN_NON_LITERAL_NULL_CONVERSION = YES;
				CLANG_WARN_OBJC_LITERAL_CONVERSION = YES;
				CLANG_WARN_OBJC_ROOT_CLASS = YES_ERROR;
				CLANG_WARN_RANGE_LOOP_ANALYSIS = YES;
				CLANG_WARN_STRICT_PROTOTYPES = YES;
				CLANG_WARN_SUSPICIOUS_MOVE = YES;
				CLANG_WARN_UNGUARDED_AVAILABILITY = YES_AGGRESSIVE;
				CLANG_WARN_UNREACHABLE_CODE = YES;
				CLANG_WARN__DUPLICATE_METHOD_MATCH = YES;
				CODE_SIGN_IDENTITY = "iPhone Developer";
				COPY_PHASE_STRIP = NO;
				DEBUG_INFORMATION_FORMAT = "dwarf-with-dsym";
				ENABLE_NS_ASSERTIONS = NO;
				ENABLE_STRICT_OBJC_MSGSEND = YES;
				GCC_C_LANGUAGE_STANDARD = gnu11;
				GCC_NO_COMMON_BLOCKS = YES;
				GCC_WARN_64_TO_32_BIT_CONVERSION = YES;
				GCC_WARN_ABOUT_RETURN_TYPE = YES_ERROR;
				GCC_WARN_UNDECLARED_SELECTOR = YES;
				GCC_WARN_UNINITIALIZED_AUTOS = YES_AGGRESSIVE;
				GCC_WARN_UNUSED_FUNCTION = YES;
				GCC_WARN_UNUSED_VARIABLE = YES;
				IPHONEOS_DEPLOYMENT_TARGET = 11.2;
				MTL_ENABLE_DEBUG_INFO = NO;
				SDKROOT = iphoneos;
				SWIFT_OPTIMIZATION_LEVEL = "-Owholemodule";
				VALIDATE_PRODUCT = YES;
			};
			name = Release;
		};
		27249D9720088440002C7812 /* Debug */ = {
			isa = XCBuildConfiguration;
			buildSettings = {
				ASSETCATALOG_COMPILER_APPICON_NAME = AppIcon;
				CODE_SIGN_STYLE = Automatic;
				DEVELOPMENT_TEAM = FF973S8UP2;
				INFOPLIST_FILE = PhotoDownloader/Info.plist;
				IPHONEOS_DEPLOYMENT_TARGET = 10.0;
				LD_RUNPATH_SEARCH_PATHS = "$(inherited) @executable_path/Frameworks";
				PRODUCT_BUNDLE_IDENTIFIER = com.jonny.PhotoDownloader;
				PRODUCT_NAME = "$(TARGET_NAME)";
				SWIFT_VERSION = 4.0;
				TARGETED_DEVICE_FAMILY = "1,2";
			};
			name = Debug;
		};
		27249D9820088440002C7812 /* Release */ = {
			isa = XCBuildConfiguration;
			buildSettings = {
				ASSETCATALOG_COMPILER_APPICON_NAME = AppIcon;
				CODE_SIGN_STYLE = Automatic;
				DEVELOPMENT_TEAM = FF973S8UP2;
				INFOPLIST_FILE = PhotoDownloader/Info.plist;
				IPHONEOS_DEPLOYMENT_TARGET = 10.0;
				LD_RUNPATH_SEARCH_PATHS = "$(inherited) @executable_path/Frameworks";
				PRODUCT_BUNDLE_IDENTIFIER = com.jonny.PhotoDownloader;
				PRODUCT_NAME = "$(TARGET_NAME)";
				SWIFT_VERSION = 4.0;
				TARGETED_DEVICE_FAMILY = "1,2";
			};
			name = Release;
		};
/* End XCBuildConfiguration section */

/* Begin XCConfigurationList section */
		27249D7C20088440002C7812 /* Build configuration list for PBXProject "PhotoDownloader" */ = {
			isa = XCConfigurationList;
			buildConfigurations = (
				27249D9420088440002C7812 /* Debug */,
				27249D9520088440002C7812 /* Release */,
			);
			defaultConfigurationIsVisible = 0;
			defaultConfigurationName = Release;
		};
		27249D9620088440002C7812 /* Build configuration list for PBXNativeTarget "PhotoDownloader" */ = {
			isa = XCConfigurationList;
			buildConfigurations = (
				27249D9720088440002C7812 /* Debug */,
				27249D9820088440002C7812 /* Release */,
			);
			defaultConfigurationIsVisible = 0;
			defaultConfigurationName = Release;
		};
/* End XCConfigurationList section */

/* Begin XCVersionGroup section */
		27249D8B20088440002C7812 /* PhotoDownloader.xcdatamodeld */ = {
			isa = XCVersionGroup;
			children = (
				27249D8C20088440002C7812 /* PhotoDownloader.xcdatamodel */,
			);
			currentVersion = 27249D8C20088440002C7812 /* PhotoDownloader.xcdatamodel */;
			path = PhotoDownloader.xcdatamodeld;
			sourceTree = "<group>";
			versionGroupType = wrapper.xcdatamodel;
		};
/* End XCVersionGroup section */
	};
	rootObject = 27249D7920088440002C7812 /* Project object */;
}
